
Microsoft Visual Studio Solution File, Format Version 12.00
# Visual Studio Version 16
VisualStudioVersion = 16.0.33328.57
MinimumVisualStudioVersion = 10.0.40219.1
Project("{8BC9CEB8-8B4A-11D0-8D11-00A0C91BC942}") = "1.1.hello_window", "src\01_getting_started\1.1.hello_window\1.1.hello_window.vcxproj", "{C253E525-AFBA-46F3-95A7-42DFE603D3CD}"
EndProject
Project("{8BC9CEB8-8B4A-11D0-8D11-00A0C91BC942}") = "common_lib", "src\common_lib\common_lib.vcxitems", "{05D43FA9-83ED-47F3-B032-05319E2F7F7D}"
EndProject
Project("{8BC9CEB8-8B4A-11D0-8D11-00A0C91BC942}") = "0.0.simple_template_test", "src\00_template\0.0.simple_template_test\0.0.simple_template_test.vcxproj", "{B8DB824D-BB1E-4BF0-8618-35377501C6B2}"
EndProject
Project("{8BC9CEB8-8B4A-11D0-8D11-00A0C91BC942}") = "1.2.hello_triangle", "src\01_getting_started\1.2.hello_triangle\1.2.hello_triangle.vcxproj", "{E5A3083C-35B8-4EC6-AA3D-CE4185F0C368}"
EndProject
Project("{8BC9CEB8-8B4A-11D0-8D11-00A0C91BC942}") = "1.3.hello_triangle_indexed", "src\01_getting_started\1.3.hello_triangle_indexed\1.3.hello_triangle_indexed.vcxproj", "{784F33E8-1E68-4C55-9A5C-1EB789325A7E}"
EndProject
Project("{8BC9CEB8-8B4A-11D0-8D11-00A0C91BC942}") = "1.4.hello_triangle_exercise1", "src\01_getting_started\1.4.hello_triangle_exercise1\1.4.hello_triangle_exercise1.vcxproj", "{A4A6A33B-C1E8-4B71-BC35-67190819C6FE}"
EndProject
Project("{8BC9CEB8-8B4A-11D0-8D11-00A0C91BC942}") = "1.5.hello_triangle_exercise2", "src\01_getting_started\1.5.hello_triangle_exercise2\1.5.hello_triangle_exercise2.vcxproj", "{3BC073C6-6CDE-45EE-B709-9CF62F8DA7F1}"
EndProject
Project("{8BC9CEB8-8B4A-11D0-8D11-00A0C91BC942}") = "1.6.hello_triangle_exercise3", "src\01_getting_started\1.6.hello_triangle_exercise3\1.6.hello_triangle_exercise3.vcxproj", "{E7364725-63E8-49AC-BBA2-36E3D5AB8685}"
EndProject
Project("{8BC9CEB8-8B4A-11D0-8D11-00A0C91BC942}") = "2.1.shader_uniform", "src\01_getting_started\2.1.shader_uniform\2.1.shader_uniform.vcxproj", "{23DD662A-C724-4E8A-A751-A57049E4E30E}"
EndProject
Project("{8BC9CEB8-8B4A-11D0-8D11-00A0C91BC942}") = "2.2.shader_color", "src\01_getting_started\2.2.shader_color\2.2.shader_color.vcxproj", "{77DBC79B-1AC8-49F2-8E9A-2A3D42EF1F26}"
EndProject
Project("{8BC9CEB8-8B4A-11D0-8D11-00A0C91BC942}") = "2.3.shader_class", "src\01_getting_started\2.3.shader_class\2.3.shader_class.vcxproj", "{ED978585-608D-41E8-AA4E-93CFEC62EE75}"
EndProject
Project("{8BC9CEB8-8B4A-11D0-8D11-00A0C91BC942}") = "2.4.shader_exercise1_updown", "src\01_getting_started\2.4.shader_exercise1_updown\2.4.shader_exercise1_updown.vcxproj", "{508E2D13-B70E-45DF-9DD6-FC56A0B3275D}"
EndProject
Project("{8BC9CEB8-8B4A-11D0-8D11-00A0C91BC942}") = "2.5.shader_exercise2_move", "src\01_getting_started\2.5.shader_exercise2_move\2.5.shader_exercise2_move.vcxproj", "{F533DC43-8927-4E8B-AAFD-759B6017C1A3}"
EndProject
Project("{8BC9CEB8-8B4A-11D0-8D11-00A0C91BC942}") = "2.6.shader_exercise3_position", "src\01_getting_started\2.6.shader_exercise3_position\2.6.shader_exercise3_position.vcxproj", "{9BC496A6-AE8A-4AC4-B5CF-70587C804B87}"
EndProject
Project("{8BC9CEB8-8B4A-11D0-8D11-00A0C91BC942}") = "3.1.texture_triangle", "src\01_getting_started\3.1.texture_triangle\3.1.texture_triangle.vcxproj", "{C22FB065-03EB-48E7-B1EA-95E5385B57C4}"
EndProject
Project("{8BC9CEB8-8B4A-11D0-8D11-00A0C91BC942}") = "3.2.texture_triangle_indexed", "src\01_getting_started\3.2.texture_triangle_indexed\3.2.texture_triangle_indexed.vcxproj", "{F04224C4-7AE7-40D7-B659-540472187AFE}"
EndProject
Project("{8BC9CEB8-8B4A-11D0-8D11-00A0C91BC942}") = "3.3.texture_multi_tex_unit", "src\01_getting_started\3.3.texture_multi_tex_unit\3.3.texture_multi_tex_unit.vcxproj", "{03850800-70DF-463B-8579-00155715F18D}"
EndProject
Project("{8BC9CEB8-8B4A-11D0-8D11-00A0C91BC942}") = "4.1.transformations", "src\01_getting_started\4.1.transformations\4.1.transformations.vcxproj", "{76AFF84E-F587-49CB-808C-3EC455893ED9}"
EndProject
Project("{8BC9CEB8-8B4A-11D0-8D11-00A0C91BC942}") = "5.1.coordinate_system", "src\01_getting_started\5.1.coordinate_system\5.1.coordinate_system.vcxproj", "{1C6B0CCE-F70C-4FB0-819E-F7A6FD0DB194}"
EndProject
Project("{8BC9CEB8-8B4A-11D0-8D11-00A0C91BC942}") = "5.2.cude_3d", "src\01_getting_started\5.2.cude_3d\5.2.cude_3d.vcxproj", "{86E1059C-8CCD-4FBC-A6C8-F5B37CAA93BA}"
EndProject
Global
	GlobalSection(SharedMSBuildProjectFiles) = preSolution
		src\common_lib\common_lib.vcxitems*{03850800-70df-463b-8579-00155715f18d}*SharedItemsImports = 4
		src\common_lib\common_lib.vcxitems*{05d43fa9-83ed-47f3-b032-05319e2f7f7d}*SharedItemsImports = 9
		src\common_lib\common_lib.vcxitems*{1c6b0cce-f70c-4fb0-819e-f7a6fd0db194}*SharedItemsImports = 4
		src\common_lib\common_lib.vcxitems*{23dd662a-c724-4e8a-a751-a57049e4e30e}*SharedItemsImports = 4
		src\common_lib\common_lib.vcxitems*{3bc073c6-6cde-45ee-b709-9cf62f8da7f1}*SharedItemsImports = 4
		src\common_lib\common_lib.vcxitems*{508e2d13-b70e-45df-9dd6-fc56a0b3275d}*SharedItemsImports = 4
		src\common_lib\common_lib.vcxitems*{76aff84e-f587-49cb-808c-3ec455893ed9}*SharedItemsImports = 4
		src\common_lib\common_lib.vcxitems*{77dbc79b-1ac8-49f2-8e9a-2a3d42ef1f26}*SharedItemsImports = 4
		src\common_lib\common_lib.vcxitems*{784f33e8-1e68-4c55-9a5c-1eb789325a7e}*SharedItemsImports = 4
		src\common_lib\common_lib.vcxitems*{86e1059c-8ccd-4fbc-a6c8-f5b37caa93ba}*SharedItemsImports = 4
		src\common_lib\common_lib.vcxitems*{9bc496a6-ae8a-4ac4-b5cf-70587c804b87}*SharedItemsImports = 4
		src\common_lib\common_lib.vcxitems*{a4a6a33b-c1e8-4b71-bc35-67190819c6fe}*SharedItemsImports = 4
		src\common_lib\common_lib.vcxitems*{b8db824d-bb1e-4bf0-8618-35377501c6b2}*SharedItemsImports = 4
		src\common_lib\common_lib.vcxitems*{c22fb065-03eb-48e7-b1ea-95e5385b57c4}*SharedItemsImports = 4
		src\common_lib\common_lib.vcxitems*{c253e525-afba-46f3-95a7-42dfe603d3cd}*SharedItemsImports = 4
		src\common_lib\common_lib.vcxitems*{e5a3083c-35b8-4ec6-aa3d-ce4185f0c368}*SharedItemsImports = 4
		src\common_lib\common_lib.vcxitems*{e7364725-63e8-49ac-bba2-36e3d5ab8685}*SharedItemsImports = 4
		src\common_lib\common_lib.vcxitems*{ed978585-608d-41e8-aa4e-93cfec62ee75}*SharedItemsImports = 4
		src\common_lib\common_lib.vcxitems*{f04224c4-7ae7-40d7-b659-540472187afe}*SharedItemsImports = 4
		src\common_lib\common_lib.vcxitems*{f533dc43-8927-4e8b-aafd-759b6017c1a3}*SharedItemsImports = 4
	EndGlobalSection
	GlobalSection(SolutionConfigurationPlatforms) = preSolution
		Debug|x64 = Debug|x64
		Debug|x86 = Debug|x86
		Release|x64 = Release|x64
		Release|x86 = Release|x86
	EndGlobalSection
	GlobalSection(ProjectConfigurationPlatforms) = postSolution
		{C253E525-AFBA-46F3-95A7-42DFE603D3CD}.Debug|x64.ActiveCfg = Debug|x64
		{C253E525-AFBA-46F3-95A7-42DFE603D3CD}.Debug|x64.Build.0 = Debug|x64
		{C253E525-AFBA-46F3-95A7-42DFE603D3CD}.Debug|x86.ActiveCfg = Debug|Win32
		{C253E525-AFBA-46F3-95A7-42DFE603D3CD}.Debug|x86.Build.0 = Debug|Win32
		{C253E525-AFBA-46F3-95A7-42DFE603D3CD}.Release|x64.ActiveCfg = Release|x64
		{C253E525-AFBA-46F3-95A7-42DFE603D3CD}.Release|x64.Build.0 = Release|x64
		{C253E525-AFBA-46F3-95A7-42DFE603D3CD}.Release|x86.ActiveCfg = Release|Win32
		{C253E525-AFBA-46F3-95A7-42DFE603D3CD}.Release|x86.Build.0 = Release|Win32
		{B8DB824D-BB1E-4BF0-8618-35377501C6B2}.Debug|x64.ActiveCfg = Debug|x64
		{B8DB824D-BB1E-4BF0-8618-35377501C6B2}.Debug|x64.Build.0 = Debug|x64
		{B8DB824D-BB1E-4BF0-8618-35377501C6B2}.Debug|x86.ActiveCfg = Debug|Win32
		{B8DB824D-BB1E-4BF0-8618-35377501C6B2}.Debug|x86.Build.0 = Debug|Win32
		{B8DB824D-BB1E-4BF0-8618-35377501C6B2}.Release|x64.ActiveCfg = Release|x64
		{B8DB824D-BB1E-4BF0-8618-35377501C6B2}.Release|x64.Build.0 = Release|x64
		{B8DB824D-BB1E-4BF0-8618-35377501C6B2}.Release|x86.ActiveCfg = Release|Win32
		{B8DB824D-BB1E-4BF0-8618-35377501C6B2}.Release|x86.Build.0 = Release|Win32
		{E5A3083C-35B8-4EC6-AA3D-CE4185F0C368}.Debug|x64.ActiveCfg = Debug|x64
		{E5A3083C-35B8-4EC6-AA3D-CE4185F0C368}.Debug|x64.Build.0 = Debug|x64
		{E5A3083C-35B8-4EC6-AA3D-CE4185F0C368}.Debug|x86.ActiveCfg = Debug|Win32
		{E5A3083C-35B8-4EC6-AA3D-CE4185F0C368}.Debug|x86.Build.0 = Debug|Win32
		{E5A3083C-35B8-4EC6-AA3D-CE4185F0C368}.Release|x64.ActiveCfg = Release|x64
		{E5A3083C-35B8-4EC6-AA3D-CE4185F0C368}.Release|x64.Build.0 = Release|x64
		{E5A3083C-35B8-4EC6-AA3D-CE4185F0C368}.Release|x86.ActiveCfg = Release|Win32
		{E5A3083C-35B8-4EC6-AA3D-CE4185F0C368}.Release|x86.Build.0 = Release|Win32
		{784F33E8-1E68-4C55-9A5C-1EB789325A7E}.Debug|x64.ActiveCfg = Debug|x64
		{784F33E8-1E68-4C55-9A5C-1EB789325A7E}.Debug|x64.Build.0 = Debug|x64
		{784F33E8-1E68-4C55-9A5C-1EB789325A7E}.Debug|x86.ActiveCfg = Debug|Win32
		{784F33E8-1E68-4C55-9A5C-1EB789325A7E}.Debug|x86.Build.0 = Debug|Win32
		{784F33E8-1E68-4C55-9A5C-1EB789325A7E}.Release|x64.ActiveCfg = Release|x64
		{784F33E8-1E68-4C55-9A5C-1EB789325A7E}.Release|x64.Build.0 = Release|x64
		{784F33E8-1E68-4C55-9A5C-1EB789325A7E}.Release|x86.ActiveCfg = Release|Win32
		{784F33E8-1E68-4C55-9A5C-1EB789325A7E}.Release|x86.Build.0 = Release|Win32
		{A4A6A33B-C1E8-4B71-BC35-67190819C6FE}.Debug|x64.ActiveCfg = Debug|x64
		{A4A6A33B-C1E8-4B71-BC35-67190819C6FE}.Debug|x64.Build.0 = Debug|x64
		{A4A6A33B-C1E8-4B71-BC35-67190819C6FE}.Debug|x86.ActiveCfg = Debug|Win32
		{A4A6A33B-C1E8-4B71-BC35-67190819C6FE}.Debug|x86.Build.0 = Debug|Win32
		{A4A6A33B-C1E8-4B71-BC35-67190819C6FE}.Release|x64.ActiveCfg = Release|x64
		{A4A6A33B-C1E8-4B71-BC35-67190819C6FE}.Release|x64.Build.0 = Release|x64
		{A4A6A33B-C1E8-4B71-BC35-67190819C6FE}.Release|x86.ActiveCfg = Release|Win32
		{A4A6A33B-C1E8-4B71-BC35-67190819C6FE}.Release|x86.Build.0 = Release|Win32
		{3BC073C6-6CDE-45EE-B709-9CF62F8DA7F1}.Debug|x64.ActiveCfg = Debug|x64
		{3BC073C6-6CDE-45EE-B709-9CF62F8DA7F1}.Debug|x64.Build.0 = Debug|x64
		{3BC073C6-6CDE-45EE-B709-9CF62F8DA7F1}.Debug|x86.ActiveCfg = Debug|Win32
		{3BC073C6-6CDE-45EE-B709-9CF62F8DA7F1}.Debug|x86.Build.0 = Debug|Win32
		{3BC073C6-6CDE-45EE-B709-9CF62F8DA7F1}.Release|x64.ActiveCfg = Release|x64
		{3BC073C6-6CDE-45EE-B709-9CF62F8DA7F1}.Release|x64.Build.0 = Release|x64
		{3BC073C6-6CDE-45EE-B709-9CF62F8DA7F1}.Release|x86.ActiveCfg = Release|Win32
		{3BC073C6-6CDE-45EE-B709-9CF62F8DA7F1}.Release|x86.Build.0 = Release|Win32
		{E7364725-63E8-49AC-BBA2-36E3D5AB8685}.Debug|x64.ActiveCfg = Debug|x64
		{E7364725-63E8-49AC-BBA2-36E3D5AB8685}.Debug|x64.Build.0 = Debug|x64
		{E7364725-63E8-49AC-BBA2-36E3D5AB8685}.Debug|x86.ActiveCfg = Debug|Win32
		{E7364725-63E8-49AC-BBA2-36E3D5AB8685}.Debug|x86.Build.0 = Debug|Win32
		{E7364725-63E8-49AC-BBA2-36E3D5AB8685}.Release|x64.ActiveCfg = Release|x64
		{E7364725-63E8-49AC-BBA2-36E3D5AB8685}.Release|x64.Build.0 = Release|x64
		{E7364725-63E8-49AC-BBA2-36E3D5AB8685}.Release|x86.ActiveCfg = Release|Win32
		{E7364725-63E8-49AC-BBA2-36E3D5AB8685}.Release|x86.Build.0 = Release|Win32
		{23DD662A-C724-4E8A-A751-A57049E4E30E}.Debug|x64.ActiveCfg = Debug|x64
		{23DD662A-C724-4E8A-A751-A57049E4E30E}.Debug|x64.Build.0 = Debug|x64
		{23DD662A-C724-4E8A-A751-A57049E4E30E}.Debug|x86.ActiveCfg = Debug|Win32
		{23DD662A-C724-4E8A-A751-A57049E4E30E}.Debug|x86.Build.0 = Debug|Win32
		{23DD662A-C724-4E8A-A751-A57049E4E30E}.Release|x64.ActiveCfg = Release|x64
		{23DD662A-C724-4E8A-A751-A57049E4E30E}.Release|x64.Build.0 = Release|x64
		{23DD662A-C724-4E8A-A751-A57049E4E30E}.Release|x86.ActiveCfg = Release|Win32
		{23DD662A-C724-4E8A-A751-A57049E4E30E}.Release|x86.Build.0 = Release|Win32
		{77DBC79B-1AC8-49F2-8E9A-2A3D42EF1F26}.Debug|x64.ActiveCfg = Debug|x64
		{77DBC79B-1AC8-49F2-8E9A-2A3D42EF1F26}.Debug|x64.Build.0 = Debug|x64
		{77DBC79B-1AC8-49F2-8E9A-2A3D42EF1F26}.Debug|x86.ActiveCfg = Debug|Win32
		{77DBC79B-1AC8-49F2-8E9A-2A3D42EF1F26}.Debug|x86.Build.0 = Debug|Win32
		{77DBC79B-1AC8-49F2-8E9A-2A3D42EF1F26}.Release|x64.ActiveCfg = Release|x64
		{77DBC79B-1AC8-49F2-8E9A-2A3D42EF1F26}.Release|x64.Build.0 = Release|x64
		{77DBC79B-1AC8-49F2-8E9A-2A3D42EF1F26}.Release|x86.ActiveCfg = Release|Win32
		{77DBC79B-1AC8-49F2-8E9A-2A3D42EF1F26}.Release|x86.Build.0 = Release|Win32
		{ED978585-608D-41E8-AA4E-93CFEC62EE75}.Debug|x64.ActiveCfg = Debug|x64
		{ED978585-608D-41E8-AA4E-93CFEC62EE75}.Debug|x64.Build.0 = Debug|x64
		{ED978585-608D-41E8-AA4E-93CFEC62EE75}.Debug|x86.ActiveCfg = Debug|Win32
		{ED978585-608D-41E8-AA4E-93CFEC62EE75}.Debug|x86.Build.0 = Debug|Win32
		{ED978585-608D-41E8-AA4E-93CFEC62EE75}.Release|x64.ActiveCfg = Release|x64
		{ED978585-608D-41E8-AA4E-93CFEC62EE75}.Release|x64.Build.0 = Release|x64
		{ED978585-608D-41E8-AA4E-93CFEC62EE75}.Release|x86.ActiveCfg = Release|Win32
		{ED978585-608D-41E8-AA4E-93CFEC62EE75}.Release|x86.Build.0 = Release|Win32
		{508E2D13-B70E-45DF-9DD6-FC56A0B3275D}.Debug|x64.ActiveCfg = Debug|x64
		{508E2D13-B70E-45DF-9DD6-FC56A0B3275D}.Debug|x64.Build.0 = Debug|x64
		{508E2D13-B70E-45DF-9DD6-FC56A0B3275D}.Debug|x86.ActiveCfg = Debug|Win32
		{508E2D13-B70E-45DF-9DD6-FC56A0B3275D}.Debug|x86.Build.0 = Debug|Win32
		{508E2D13-B70E-45DF-9DD6-FC56A0B3275D}.Release|x64.ActiveCfg = Release|x64
		{508E2D13-B70E-45DF-9DD6-FC56A0B3275D}.Release|x64.Build.0 = Release|x64
		{508E2D13-B70E-45DF-9DD6-FC56A0B3275D}.Release|x86.ActiveCfg = Release|Win32
		{508E2D13-B70E-45DF-9DD6-FC56A0B3275D}.Release|x86.Build.0 = Release|Win32
		{F533DC43-8927-4E8B-AAFD-759B6017C1A3}.Debug|x64.ActiveCfg = Debug|x64
		{F533DC43-8927-4E8B-AAFD-759B6017C1A3}.Debug|x64.Build.0 = Debug|x64
		{F533DC43-8927-4E8B-AAFD-759B6017C1A3}.Debug|x86.ActiveCfg = Debug|Win32
		{F533DC43-8927-4E8B-AAFD-759B6017C1A3}.Debug|x86.Build.0 = Debug|Win32
		{F533DC43-8927-4E8B-AAFD-759B6017C1A3}.Release|x64.ActiveCfg = Release|x64
		{F533DC43-8927-4E8B-AAFD-759B6017C1A3}.Release|x64.Build.0 = Release|x64
		{F533DC43-8927-4E8B-AAFD-759B6017C1A3}.Release|x86.ActiveCfg = Release|Win32
		{F533DC43-8927-4E8B-AAFD-759B6017C1A3}.Release|x86.Build.0 = Release|Win32
		{9BC496A6-AE8A-4AC4-B5CF-70587C804B87}.Debug|x64.ActiveCfg = Debug|x64
		{9BC496A6-AE8A-4AC4-B5CF-70587C804B87}.Debug|x64.Build.0 = Debug|x64
		{9BC496A6-AE8A-4AC4-B5CF-70587C804B87}.Debug|x86.ActiveCfg = Debug|Win32
		{9BC496A6-AE8A-4AC4-B5CF-70587C804B87}.Debug|x86.Build.0 = Debug|Win32
		{9BC496A6-AE8A-4AC4-B5CF-70587C804B87}.Release|x64.ActiveCfg = Release|x64
		{9BC496A6-AE8A-4AC4-B5CF-70587C804B87}.Release|x64.Build.0 = Release|x64
		{9BC496A6-AE8A-4AC4-B5CF-70587C804B87}.Release|x86.ActiveCfg = Release|Win32
		{9BC496A6-AE8A-4AC4-B5CF-70587C804B87}.Release|x86.Build.0 = Release|Win32
		{C22FB065-03EB-48E7-B1EA-95E5385B57C4}.Debug|x64.ActiveCfg = Debug|x64
		{C22FB065-03EB-48E7-B1EA-95E5385B57C4}.Debug|x64.Build.0 = Debug|x64
		{C22FB065-03EB-48E7-B1EA-95E5385B57C4}.Debug|x86.ActiveCfg = Debug|Win32
		{C22FB065-03EB-48E7-B1EA-95E5385B57C4}.Debug|x86.Build.0 = Debug|Win32
		{C22FB065-03EB-48E7-B1EA-95E5385B57C4}.Release|x64.ActiveCfg = Release|x64
		{C22FB065-03EB-48E7-B1EA-95E5385B57C4}.Release|x64.Build.0 = Release|x64
		{C22FB065-03EB-48E7-B1EA-95E5385B57C4}.Release|x86.ActiveCfg = Release|Win32
		{C22FB065-03EB-48E7-B1EA-95E5385B57C4}.Release|x86.Build.0 = Release|Win32
		{F04224C4-7AE7-40D7-B659-540472187AFE}.Debug|x64.ActiveCfg = Debug|x64
		{F04224C4-7AE7-40D7-B659-540472187AFE}.Debug|x64.Build.0 = Debug|x64
		{F04224C4-7AE7-40D7-B659-540472187AFE}.Debug|x86.ActiveCfg = Debug|Win32
		{F04224C4-7AE7-40D7-B659-540472187AFE}.Debug|x86.Build.0 = Debug|Win32
		{F04224C4-7AE7-40D7-B659-540472187AFE}.Release|x64.ActiveCfg = Release|x64
		{F04224C4-7AE7-40D7-B659-540472187AFE}.Release|x64.Build.0 = Release|x64
		{F04224C4-7AE7-40D7-B659-540472187AFE}.Release|x86.ActiveCfg = Release|Win32
		{F04224C4-7AE7-40D7-B659-540472187AFE}.Release|x86.Build.0 = Release|Win32
		{03850800-70DF-463B-8579-00155715F18D}.Debug|x64.ActiveCfg = Debug|x64
		{03850800-70DF-463B-8579-00155715F18D}.Debug|x64.Build.0 = Debug|x64
		{03850800-70DF-463B-8579-00155715F18D}.Debug|x86.ActiveCfg = Debug|Win32
		{03850800-70DF-463B-8579-00155715F18D}.Debug|x86.Build.0 = Debug|Win32
		{03850800-70DF-463B-8579-00155715F18D}.Release|x64.ActiveCfg = Release|x64
		{03850800-70DF-463B-8579-00155715F18D}.Release|x64.Build.0 = Release|x64
		{03850800-70DF-463B-8579-00155715F18D}.Release|x86.ActiveCfg = Release|Win32
		{03850800-70DF-463B-8579-00155715F18D}.Release|x86.Build.0 = Release|Win32
		{76AFF84E-F587-49CB-808C-3EC455893ED9}.Debug|x64.ActiveCfg = Debug|x64
		{76AFF84E-F587-49CB-808C-3EC455893ED9}.Debug|x64.Build.0 = Debug|x64
		{76AFF84E-F587-49CB-808C-3EC455893ED9}.Debug|x86.ActiveCfg = Debug|Win32
		{76AFF84E-F587-49CB-808C-3EC455893ED9}.Debug|x86.Build.0 = Debug|Win32
		{76AFF84E-F587-49CB-808C-3EC455893ED9}.Release|x64.ActiveCfg = Release|x64
		{76AFF84E-F587-49CB-808C-3EC455893ED9}.Release|x64.Build.0 = Release|x64
		{76AFF84E-F587-49CB-808C-3EC455893ED9}.Release|x86.ActiveCfg = Release|Win32
		{76AFF84E-F587-49CB-808C-3EC455893ED9}.Release|x86.Build.0 = Release|Win32
		{1C6B0CCE-F70C-4FB0-819E-F7A6FD0DB194}.Debug|x64.ActiveCfg = Debug|x64
		{1C6B0CCE-F70C-4FB0-819E-F7A6FD0DB194}.Debug|x64.Build.0 = Debug|x64
		{1C6B0CCE-F70C-4FB0-819E-F7A6FD0DB194}.Debug|x86.ActiveCfg = Debug|Win32
		{1C6B0CCE-F70C-4FB0-819E-F7A6FD0DB194}.Debug|x86.Build.0 = Debug|Win32
		{1C6B0CCE-F70C-4FB0-819E-F7A6FD0DB194}.Release|x64.ActiveCfg = Release|x64
		{1C6B0CCE-F70C-4FB0-819E-F7A6FD0DB194}.Release|x64.Build.0 = Release|x64
		{1C6B0CCE-F70C-4FB0-819E-F7A6FD0DB194}.Release|x86.ActiveCfg = Release|Win32
		{1C6B0CCE-F70C-4FB0-819E-F7A6FD0DB194}.Release|x86.Build.0 = Release|Win32
		{86E1059C-8CCD-4FBC-A6C8-F5B37CAA93BA}.Debug|x64.ActiveCfg = Debug|x64
		{86E1059C-8CCD-4FBC-A6C8-F5B37CAA93BA}.Debug|x64.Build.0 = Debug|x64
		{86E1059C-8CCD-4FBC-A6C8-F5B37CAA93BA}.Debug|x86.ActiveCfg = Debug|Win32
		{86E1059C-8CCD-4FBC-A6C8-F5B37CAA93BA}.Debug|x86.Build.0 = Debug|Win32
		{86E1059C-8CCD-4FBC-A6C8-F5B37CAA93BA}.Release|x64.ActiveCfg = Release|x64
		{86E1059C-8CCD-4FBC-A6C8-F5B37CAA93BA}.Release|x64.Build.0 = Release|x64
		{86E1059C-8CCD-4FBC-A6C8-F5B37CAA93BA}.Release|x86.ActiveCfg = Release|Win32
		{86E1059C-8CCD-4FBC-A6C8-F5B37CAA93BA}.Release|x86.Build.0 = Release|Win32
	EndGlobalSection
	GlobalSection(SolutionProperties) = preSolution
		HideSolutionNode = FALSE
	EndGlobalSection
	GlobalSection(ExtensibilityGlobals) = postSolution
		SolutionGuid = {7A30D13D-35AB-4EC3-B627-E4FE82415B10}
	EndGlobalSection
EndGlobal
